// !$*UTF8*$!
{
	archiveVersion = 1;
	classes = {
	};
	objectVersion = 77;
	objects = {

/* Begin PBXBuildFile section */
		7AD2EE1A2EB4B1D200DC40E2 /* AppDelegate.swift in Sources */ = {isa = PBXBuildFile; fileRef = 7AD2EE192EB4B1D200DC40E2 /* AppDelegate.swift */; };
		7AD2EE1C2EB4B1D200DC40E2 /* SceneDelegate.swift in Sources */ = {isa = PBXBuildFile; fileRef = 7AD2EE1B2EB4B1D200DC40E2 /* SceneDelegate.swift */; };
		7AD2EE1F2EB4B1D200DC40E2 /* LaunchScreen.storyboard in Resources */ = {isa = PBXBuildFile; fileRef = 7AD2EE1D2EB4B1D200DC40E2 /* LaunchScreen.storyboard */; };
		7AD2EE222EB4B1D200DC40E2 /* Main.storyboard in Resources */ = {isa = PBXBuildFile; fileRef = 7AD2EE202EB4B1D200DC40E2 /* Main.storyboard */; };
		7AD2EE2B2EB4B1D200DC40E2 /* AppDelegate.swift in Sources */ = {isa = PBXBuildFile; fileRef = 7AD2EE2A2EB4B1D200DC40E2 /* AppDelegate.swift */; };
		7AD2EE2E2EB4B1D200DC40E2 /* Main.storyboard in Resources */ = {isa = PBXBuildFile; fileRef = 7AD2EE2C2EB4B1D200DC40E2 /* Main.storyboard */; };
		7AD2EE352EB4B1D200DC40E2 /* JSON Formatter Extension.appex in Embed Foundation Extensions */ = {isa = PBXBuildFile; fileRef = 7AD2EE342EB4B1D200DC40E2 /* JSON Formatter Extension.appex */; settings = {ATTRIBUTES = (RemoveHeadersOnCopy, ); }; };
		7AD2EE3F2EB4B1D200DC40E2 /* JSON Formatter Extension.appex in Embed Foundation Extensions */ = {isa = PBXBuildFile; fileRef = 7AD2EE3E2EB4B1D200DC40E2 /* JSON Formatter Extension.appex */; settings = {ATTRIBUTES = (RemoveHeadersOnCopy, ); }; };
		7AD2EE442EB4B1D200DC40E2 /* Main.html in Resources */ = {isa = PBXBuildFile; fileRef = 7AD2EE092EB4B1D100DC40E2 /* Main.html */; };
		7AD2EE452EB4B1D200DC40E2 /* Main.html in Resources */ = {isa = PBXBuildFile; fileRef = 7AD2EE092EB4B1D100DC40E2 /* Main.html */; };
		7AD2EE462EB4B1D200DC40E2 /* Icon.png in Resources */ = {isa = PBXBuildFile; fileRef = 7AD2EE0B2EB4B1D100DC40E2 /* Icon.png */; };
		7AD2EE472EB4B1D200DC40E2 /* Icon.png in Resources */ = {isa = PBXBuildFile; fileRef = 7AD2EE0B2EB4B1D100DC40E2 /* Icon.png */; };
		7AD2EE482EB4B1D200DC40E2 /* Style.css in Resources */ = {isa = PBXBuildFile; fileRef = 7AD2EE0C2EB4B1D100DC40E2 /* Style.css */; };
		7AD2EE492EB4B1D200DC40E2 /* Style.css in Resources */ = {isa = PBXBuildFile; fileRef = 7AD2EE0C2EB4B1D100DC40E2 /* Style.css */; };
		7AD2EE4A2EB4B1D200DC40E2 /* Script.js in Resources */ = {isa = PBXBuildFile; fileRef = 7AD2EE0D2EB4B1D100DC40E2 /* Script.js */; };
		7AD2EE4B2EB4B1D200DC40E2 /* Script.js in Resources */ = {isa = PBXBuildFile; fileRef = 7AD2EE0D2EB4B1D100DC40E2 /* Script.js */; };
		7AD2EE4C2EB4B1D200DC40E2 /* ViewController.swift in Sources */ = {isa = PBXBuildFile; fileRef = 7AD2EE0E2EB4B1D100DC40E2 /* ViewController.swift */; };
		7AD2EE4D2EB4B1D200DC40E2 /* ViewController.swift in Sources */ = {isa = PBXBuildFile; fileRef = 7AD2EE0E2EB4B1D100DC40E2 /* ViewController.swift */; };
		7AD2EE4E2EB4B1D200DC40E2 /* Assets.xcassets in Resources */ = {isa = PBXBuildFile; fileRef = 7AD2EE0F2EB4B1D200DC40E2 /* Assets.xcassets */; };
		7AD2EE4F2EB4B1D200DC40E2 /* Assets.xcassets in Resources */ = {isa = PBXBuildFile; fileRef = 7AD2EE0F2EB4B1D200DC40E2 /* Assets.xcassets */; };
		7AD2EE502EB4B1D200DC40E2 /* SafariWebExtensionHandler.swift in Sources */ = {isa = PBXBuildFile; fileRef = 7AD2EE112EB4B1D200DC40E2 /* SafariWebExtensionHandler.swift */; };
		7AD2EE512EB4B1D200DC40E2 /* SafariWebExtensionHandler.swift in Sources */ = {isa = PBXBuildFile; fileRef = 7AD2EE112EB4B1D200DC40E2 /* SafariWebExtensionHandler.swift */; };
		7AD2EE682EB4B1D400DC40E2 /* options in Resources */ = {isa = PBXBuildFile; fileRef = 7AD2EE632EB4B1D400DC40E2 /* options */; };
		7AD2EE692EB4B1D400DC40E2 /* set-json-global.js in Resources */ = {isa = PBXBuildFile; fileRef = 7AD2EE642EB4B1D400DC40E2 /* set-json-global.js */; };
		7AD2EE6A2EB4B1D400DC40E2 /* icons in Resources */ = {isa = PBXBuildFile; fileRef = 7AD2EE652EB4B1D400DC40E2 /* icons */; };
		7AD2EE6B2EB4B1D400DC40E2 /* manifest.json in Resources */ = {isa = PBXBuildFile; fileRef = 7AD2EE662EB4B1D400DC40E2 /* manifest.json */; };
		7AD2EE6C2EB4B1D400DC40E2 /* content.js in Resources */ = {isa = PBXBuildFile; fileRef = 7AD2EE672EB4B1D400DC40E2 /* content.js */; };
		7AD2EE6D2EB4B1D400DC40E2 /* options in Resources */ = {isa = PBXBuildFile; fileRef = 7AD2EE632EB4B1D400DC40E2 /* options */; };
		7AD2EE6E2EB4B1D400DC40E2 /* set-json-global.js in Resources */ = {isa = PBXBuildFile; fileRef = 7AD2EE642EB4B1D400DC40E2 /* set-json-global.js */; };
		7AD2EE6F2EB4B1D400DC40E2 /* icons in Resources */ = {isa = PBXBuildFile; fileRef = 7AD2EE652EB4B1D400DC40E2 /* icons */; };
		7AD2EE702EB4B1D400DC40E2 /* manifest.json in Resources */ = {isa = PBXBuildFile; fileRef = 7AD2EE662EB4B1D400DC40E2 /* manifest.json */; };
		7AD2EE712EB4B1D400DC40E2 /* content.js in Resources */ = {isa = PBXBuildFile; fileRef = 7AD2EE672EB4B1D400DC40E2 /* content.js */; };
/* End PBXBuildFile section */

/* Begin PBXContainerItemProxy section */
		7AD2EE362EB4B1D200DC40E2 /* PBXContainerItemProxy */ = {
			isa = PBXContainerItemProxy;
			containerPortal = 7AD2EE032EB4B1D100DC40E2 /* Project object */;
			proxyType = 1;
			remoteGlobalIDString = 7AD2EE332EB4B1D200DC40E2;
			remoteInfo = "JSON Formatter Extension (iOS)";
		};
		7AD2EE402EB4B1D200DC40E2 /* PBXContainerItemProxy */ = {
			isa = PBXContainerItemProxy;
			containerPortal = 7AD2EE032EB4B1D100DC40E2 /* Project object */;
			proxyType = 1;
			remoteGlobalIDString = 7AD2EE3D2EB4B1D200DC40E2;
			remoteInfo = "JSON Formatter Extension (macOS)";
		};
/* End PBXContainerItemProxy section */

/* Begin PBXCopyFilesBuildPhase section */
		7AD2EE572EB4B1D200DC40E2 /* Embed Foundation Extensions */ = {
			isa = PBXCopyFilesBuildPhase;
			buildActionMask = 2147483647;
			dstPath = "";
			dstSubfolderSpec = 13;
			files = (
				7AD2EE352EB4B1D200DC40E2 /* JSON Formatter Extension.appex in Embed Foundation Extensions */,
			);
			name = "Embed Foundation Extensions";
			runOnlyForDeploymentPostprocessing = 0;
		};
		7AD2EE5E2EB4B1D200DC40E2 /* Embed Foundation Extensions */ = {
			isa = PBXCopyFilesBuildPhase;
			buildActionMask = 2147483647;
			dstPath = "";
			dstSubfolderSpec = 13;
			files = (
				7AD2EE3F2EB4B1D200DC40E2 /* JSON Formatter Extension.appex in Embed Foundation Extensions */,
			);
			name = "Embed Foundation Extensions";
			runOnlyForDeploymentPostprocessing = 0;
		};
/* End PBXCopyFilesBuildPhase section */

/* Begin PBXFileReference section */
		7AD2EE0A2EB4B1D100DC40E2 /* Base */ = {isa = PBXFileReference; lastKnownFileType = text.html; name = Base; path = Base.lproj/Main.html; sourceTree = "<group>"; };
		7AD2EE0B2EB4B1D100DC40E2 /* Icon.png */ = {isa = PBXFileReference; lastKnownFileType = image.png; path = Icon.png; sourceTree = "<group>"; };
		7AD2EE0C2EB4B1D100DC40E2 /* Style.css */ = {isa = PBXFileReference; lastKnownFileType = text.css; path = Style.css; sourceTree = "<group>"; };
		7AD2EE0D2EB4B1D100DC40E2 /* Script.js */ = {isa = PBXFileReference; lastKnownFileType = sourcecode.javascript; path = Script.js; sourceTree = "<group>"; };
		7AD2EE0E2EB4B1D100DC40E2 /* ViewController.swift */ = {isa = PBXFileReference; lastKnownFileType = sourcecode.swift; path = ViewController.swift; sourceTree = "<group>"; };
		7AD2EE0F2EB4B1D200DC40E2 /* Assets.xcassets */ = {isa = PBXFileReference; lastKnownFileType = folder.assetcatalog; path = Assets.xcassets; sourceTree = "<group>"; };
		7AD2EE112EB4B1D200DC40E2 /* SafariWebExtensionHandler.swift */ = {isa = PBXFileReference; lastKnownFileType = sourcecode.swift; path = SafariWebExtensionHandler.swift; sourceTree = "<group>"; };
		7AD2EE162EB4B1D200DC40E2 /* JSON Formatter.app */ = {isa = PBXFileReference; explicitFileType = wrapper.application; includeInIndex = 0; path = "JSON Formatter.app"; sourceTree = BUILT_PRODUCTS_DIR; };
		7AD2EE192EB4B1D200DC40E2 /* AppDelegate.swift */ = {isa = PBXFileReference; lastKnownFileType = sourcecode.swift; path = AppDelegate.swift; sourceTree = "<group>"; };
		7AD2EE1B2EB4B1D200DC40E2 /* SceneDelegate.swift */ = {isa = PBXFileReference; lastKnownFileType = sourcecode.swift; path = SceneDelegate.swift; sourceTree = "<group>"; };
		7AD2EE1E2EB4B1D200DC40E2 /* Base */ = {isa = PBXFileReference; lastKnownFileType = file.storyboard; name = Base; path = Base.lproj/LaunchScreen.storyboard; sourceTree = "<group>"; };
		7AD2EE212EB4B1D200DC40E2 /* Base */ = {isa = PBXFileReference; lastKnownFileType = file.storyboard; name = Base; path = Base.lproj/Main.storyboard; sourceTree = "<group>"; };
		7AD2EE232EB4B1D200DC40E2 /* Info.plist */ = {isa = PBXFileReference; lastKnownFileType = text.plist.xml; path = Info.plist; sourceTree = "<group>"; };
		7AD2EE282EB4B1D200DC40E2 /* JSON Formatter.app */ = {isa = PBXFileReference; explicitFileType = wrapper.application; includeInIndex = 0; path = "JSON Formatter.app"; sourceTree = BUILT_PRODUCTS_DIR; };
		7AD2EE2A2EB4B1D200DC40E2 /* AppDelegate.swift */ = {isa = PBXFileReference; lastKnownFileType = sourcecode.swift; path = AppDelegate.swift; sourceTree = "<group>"; };
		7AD2EE2D2EB4B1D200DC40E2 /* Base */ = {isa = PBXFileReference; lastKnownFileType = file.storyboard; name = Base; path = Base.lproj/Main.storyboard; sourceTree = "<group>"; };
		7AD2EE2F2EB4B1D200DC40E2 /* Info.plist */ = {isa = PBXFileReference; lastKnownFileType = text.plist.xml; path = Info.plist; sourceTree = "<group>"; };
		7AD2EE342EB4B1D200DC40E2 /* JSON Formatter Extension.appex */ = {isa = PBXFileReference; explicitFileType = "wrapper.app-extension"; includeInIndex = 0; path = "JSON Formatter Extension.appex"; sourceTree = BUILT_PRODUCTS_DIR; };
		7AD2EE392EB4B1D200DC40E2 /* Info.plist */ = {isa = PBXFileReference; lastKnownFileType = text.plist.xml; path = Info.plist; sourceTree = "<group>"; };
		7AD2EE3E2EB4B1D200DC40E2 /* JSON Formatter Extension.appex */ = {isa = PBXFileReference; explicitFileType = "wrapper.app-extension"; includeInIndex = 0; path = "JSON Formatter Extension.appex"; sourceTree = BUILT_PRODUCTS_DIR; };
		7AD2EE432EB4B1D200DC40E2 /* Info.plist */ = {isa = PBXFileReference; lastKnownFileType = text.plist.xml; path = Info.plist; sourceTree = "<group>"; };
		7AD2EE632EB4B1D400DC40E2 /* options */ = {isa = PBXFileReference; lastKnownFileType = folder; name = options; path = ../../dist/options; sourceTree = "<group>"; };
		7AD2EE642EB4B1D400DC40E2 /* set-json-global.js */ = {isa = PBXFileReference; lastKnownFileType = sourcecode.javascript; name = "set-json-global.js"; path = "../../dist/set-json-global.js"; sourceTree = "<group>"; };
		7AD2EE652EB4B1D400DC40E2 /* icons */ = {isa = PBXFileReference; lastKnownFileType = folder; name = icons; path = ../../dist/icons; sourceTree = "<group>"; };
		7AD2EE662EB4B1D400DC40E2 /* manifest.json */ = {isa = PBXFileReference; lastKnownFileType = text.json; name = manifest.json; path = ../../dist/manifest.json; sourceTree = "<group>"; };
		7AD2EE672EB4B1D400DC40E2 /* content.js */ = {isa = PBXFileReference; lastKnownFileType = sourcecode.javascript; name = content.js; path = ../../dist/content.js; sourceTree = "<group>"; };
/* End PBXFileReference section */

/* Begin PBXFrameworksBuildPhase section */
		7AD2EE132EB4B1D200DC40E2 /* Frameworks */ = {
			isa = PBXFrameworksBuildPhase;
			buildActionMask = 2147483647;
			files = (
			);
			runOnlyForDeploymentPostprocessing = 0;
		};
		7AD2EE252EB4B1D200DC40E2 /* Frameworks */ = {
			isa = PBXFrameworksBuildPhase;
			buildActionMask = 2147483647;
			files = (
			);
			runOnlyForDeploymentPostprocessing = 0;
		};
		7AD2EE312EB4B1D200DC40E2 /* Frameworks */ = {
			isa = PBXFrameworksBuildPhase;
			buildActionMask = 2147483647;
			files = (
			);
			runOnlyForDeploymentPostprocessing = 0;
		};
		7AD2EE3B2EB4B1D200DC40E2 /* Frameworks */ = {
			isa = PBXFrameworksBuildPhase;
			buildActionMask = 2147483647;
			files = (
			);
			runOnlyForDeploymentPostprocessing = 0;
		};
/* End PBXFrameworksBuildPhase section */

/* Begin PBXGroup section */
		7AD2EE022EB4B1D100DC40E2 = {
			isa = PBXGroup;
			children = (
				7AD2EE072EB4B1D100DC40E2 /* Shared (App) */,
				7AD2EE102EB4B1D200DC40E2 /* Shared (Extension) */,
				7AD2EE182EB4B1D200DC40E2 /* iOS (App) */,
				7AD2EE292EB4B1D200DC40E2 /* macOS (App) */,
				7AD2EE382EB4B1D200DC40E2 /* iOS (Extension) */,
				7AD2EE422EB4B1D200DC40E2 /* macOS (Extension) */,
				7AD2EE172EB4B1D200DC40E2 /* Products */,
			);
			sourceTree = "<group>";
		};
		7AD2EE072EB4B1D100DC40E2 /* Shared (App) */ = {
			isa = PBXGroup;
			children = (
				7AD2EE0E2EB4B1D100DC40E2 /* ViewController.swift */,
				7AD2EE0F2EB4B1D200DC40E2 /* Assets.xcassets */,
				7AD2EE082EB4B1D100DC40E2 /* Resources */,
			);
			path = "Shared (App)";
			sourceTree = "<group>";
		};
		7AD2EE082EB4B1D100DC40E2 /* Resources */ = {
			isa = PBXGroup;
			children = (
				7AD2EE092EB4B1D100DC40E2 /* Main.html */,
				7AD2EE0B2EB4B1D100DC40E2 /* Icon.png */,
				7AD2EE0C2EB4B1D100DC40E2 /* Style.css */,
				7AD2EE0D2EB4B1D100DC40E2 /* Script.js */,
			);
			path = Resources;
			sourceTree = "<group>";
		};
		7AD2EE102EB4B1D200DC40E2 /* Shared (Extension) */ = {
			isa = PBXGroup;
			children = (
				7AD2EE622EB4B1D400DC40E2 /* Resources */,
				7AD2EE112EB4B1D200DC40E2 /* SafariWebExtensionHandler.swift */,
			);
			path = "Shared (Extension)";
			sourceTree = "<group>";
		};
		7AD2EE172EB4B1D200DC40E2 /* Products */ = {
			isa = PBXGroup;
			children = (
				7AD2EE162EB4B1D200DC40E2 /* JSON Formatter.app */,
				7AD2EE282EB4B1D200DC40E2 /* JSON Formatter.app */,
				7AD2EE342EB4B1D200DC40E2 /* JSON Formatter Extension.appex */,
				7AD2EE3E2EB4B1D200DC40E2 /* JSON Formatter Extension.appex */,
			);
			name = Products;
			sourceTree = "<group>";
		};
		7AD2EE182EB4B1D200DC40E2 /* iOS (App) */ = {
			isa = PBXGroup;
			children = (
				7AD2EE192EB4B1D200DC40E2 /* AppDelegate.swift */,
				7AD2EE1B2EB4B1D200DC40E2 /* SceneDelegate.swift */,
				7AD2EE1D2EB4B1D200DC40E2 /* LaunchScreen.storyboard */,
				7AD2EE202EB4B1D200DC40E2 /* Main.storyboard */,
				7AD2EE232EB4B1D200DC40E2 /* Info.plist */,
			);
			path = "iOS (App)";
			sourceTree = "<group>";
		};
		7AD2EE292EB4B1D200DC40E2 /* macOS (App) */ = {
			isa = PBXGroup;
			children = (
				7AD2EE2A2EB4B1D200DC40E2 /* AppDelegate.swift */,
				7AD2EE2C2EB4B1D200DC40E2 /* Main.storyboard */,
				7AD2EE2F2EB4B1D200DC40E2 /* Info.plist */,
			);
			path = "macOS (App)";
			sourceTree = "<group>";
		};
		7AD2EE382EB4B1D200DC40E2 /* iOS (Extension) */ = {
			isa = PBXGroup;
			children = (
				7AD2EE392EB4B1D200DC40E2 /* Info.plist */,
			);
			path = "iOS (Extension)";
			sourceTree = "<group>";
		};
		7AD2EE422EB4B1D200DC40E2 /* macOS (Extension) */ = {
			isa = PBXGroup;
			children = (
				7AD2EE432EB4B1D200DC40E2 /* Info.plist */,
			);
			path = "macOS (Extension)";
			sourceTree = "<group>";
		};
		7AD2EE622EB4B1D400DC40E2 /* Resources */ = {
			isa = PBXGroup;
			children = (
				7AD2EE632EB4B1D400DC40E2 /* options */,
				7AD2EE642EB4B1D400DC40E2 /* set-json-global.js */,
				7AD2EE652EB4B1D400DC40E2 /* icons */,
				7AD2EE662EB4B1D400DC40E2 /* manifest.json */,
				7AD2EE672EB4B1D400DC40E2 /* content.js */,
			);
			name = Resources;
			path = "Shared (Extension)";
			sourceTree = SOURCE_ROOT;
		};
/* End PBXGroup section */

/* Begin PBXNativeTarget section */
		7AD2EE152EB4B1D200DC40E2 /* JSON Formatter (iOS) */ = {
			isa = PBXNativeTarget;
			buildConfigurationList = 7AD2EE582EB4B1D200DC40E2 /* Build configuration list for PBXNativeTarget "JSON Formatter (iOS)" */;
			buildPhases = (
				7AD2EE122EB4B1D200DC40E2 /* Sources */,
				7AD2EE132EB4B1D200DC40E2 /* Frameworks */,
				7AD2EE142EB4B1D200DC40E2 /* Resources */,
				7AD2EE572EB4B1D200DC40E2 /* Embed Foundation Extensions */,
			);
			buildRules = (
			);
			dependencies = (
				7AD2EE372EB4B1D200DC40E2 /* PBXTargetDependency */,
			);
			name = "JSON Formatter (iOS)";
			packageProductDependencies = (
			);
			productName = "JSON Formatter (iOS)";
			productReference = 7AD2EE162EB4B1D200DC40E2 /* JSON Formatter.app */;
			productType = "com.apple.product-type.application";
		};
		7AD2EE272EB4B1D200DC40E2 /* JSON Formatter (macOS) */ = {
			isa = PBXNativeTarget;
			buildConfigurationList = 7AD2EE5F2EB4B1D200DC40E2 /* Build configuration list for PBXNativeTarget "JSON Formatter (macOS)" */;
			buildPhases = (
				7AD2EE242EB4B1D200DC40E2 /* Sources */,
				7AD2EE252EB4B1D200DC40E2 /* Frameworks */,
				7AD2EE262EB4B1D200DC40E2 /* Resources */,
				7AD2EE5E2EB4B1D200DC40E2 /* Embed Foundation Extensions */,
			);
			buildRules = (
			);
			dependencies = (
				7AD2EE412EB4B1D200DC40E2 /* PBXTargetDependency */,
			);
			name = "JSON Formatter (macOS)";
			packageProductDependencies = (
			);
			productName = "JSON Formatter (macOS)";
			productReference = 7AD2EE282EB4B1D200DC40E2 /* JSON Formatter.app */;
			productType = "com.apple.product-type.application";
		};
		7AD2EE332EB4B1D200DC40E2 /* JSON Formatter Extension (iOS) */ = {
			isa = PBXNativeTarget;
			buildConfigurationList = 7AD2EE542EB4B1D200DC40E2 /* Build configuration list for PBXNativeTarget "JSON Formatter Extension (iOS)" */;
			buildPhases = (
				7AD2EE302EB4B1D200DC40E2 /* Sources */,
				7AD2EE312EB4B1D200DC40E2 /* Frameworks */,
				7AD2EE322EB4B1D200DC40E2 /* Resources */,
			);
			buildRules = (
			);
			dependencies = (
			);
			name = "JSON Formatter Extension (iOS)";
			packageProductDependencies = (
			);
			productName = "JSON Formatter Extension (iOS)";
			productReference = 7AD2EE342EB4B1D200DC40E2 /* JSON Formatter Extension.appex */;
			productType = "com.apple.product-type.app-extension";
		};
		7AD2EE3D2EB4B1D200DC40E2 /* JSON Formatter Extension (macOS) */ = {
			isa = PBXNativeTarget;
			buildConfigurationList = 7AD2EE5B2EB4B1D200DC40E2 /* Build configuration list for PBXNativeTarget "JSON Formatter Extension (macOS)" */;
			buildPhases = (
				7AD2EE3A2EB4B1D200DC40E2 /* Sources */,
				7AD2EE3B2EB4B1D200DC40E2 /* Frameworks */,
				7AD2EE3C2EB4B1D200DC40E2 /* Resources */,
			);
			buildRules = (
			);
			dependencies = (
			);
			name = "JSON Formatter Extension (macOS)";
			packageProductDependencies = (
			);
			productName = "JSON Formatter Extension (macOS)";
			productReference = 7AD2EE3E2EB4B1D200DC40E2 /* JSON Formatter Extension.appex */;
			productType = "com.apple.product-type.app-extension";
		};
/* End PBXNativeTarget section */

/* Begin PBXProject section */
		7AD2EE032EB4B1D100DC40E2 /* Project object */ = {
			isa = PBXProject;
			attributes = {
				BuildIndependentTargetsInParallel = 1;
				LastSwiftUpdateCheck = 2600;
				LastUpgradeCheck = 2600;
				TargetAttributes = {
					7AD2EE152EB4B1D200DC40E2 = {
						CreatedOnToolsVersion = 26.0.1;
					};
					7AD2EE272EB4B1D200DC40E2 = {
						CreatedOnToolsVersion = 26.0.1;
					};
					7AD2EE332EB4B1D200DC40E2 = {
						CreatedOnToolsVersion = 26.0.1;
					};
					7AD2EE3D2EB4B1D200DC40E2 = {
						CreatedOnToolsVersion = 26.0.1;
					};
				};
			};
			buildConfigurationList = 7AD2EE062EB4B1D100DC40E2 /* Build configuration list for PBXProject "JSON Formatter" */;
			developmentRegion = en;
			hasScannedForEncodings = 0;
			knownRegions = (
				en,
				Base,
			);
			mainGroup = 7AD2EE022EB4B1D100DC40E2;
			minimizedProjectReferenceProxies = 1;
			preferredProjectObjectVersion = 77;
			productRefGroup = 7AD2EE172EB4B1D200DC40E2 /* Products */;
			projectDirPath = "";
			projectRoot = "";
			targets = (
				7AD2EE152EB4B1D200DC40E2 /* JSON Formatter (iOS) */,
				7AD2EE272EB4B1D200DC40E2 /* JSON Formatter (macOS) */,
				7AD2EE332EB4B1D200DC40E2 /* JSON Formatter Extension (iOS) */,
				7AD2EE3D2EB4B1D200DC40E2 /* JSON Formatter Extension (macOS) */,
			);
		};
/* End PBXProject section */

/* Begin PBXResourcesBuildPhase section */
		7AD2EE142EB4B1D200DC40E2 /* Resources */ = {
			isa = PBXResourcesBuildPhase;
			buildActionMask = 2147483647;
			files = (
				7AD2EE462EB4B1D200DC40E2 /* Icon.png in Resources */,
				7AD2EE1F2EB4B1D200DC40E2 /* LaunchScreen.storyboard in Resources */,
				7AD2EE442EB4B1D200DC40E2 /* Main.html in Resources */,
				7AD2EE4A2EB4B1D200DC40E2 /* Script.js in Resources */,
				7AD2EE4E2EB4B1D200DC40E2 /* Assets.xcassets in Resources */,
				7AD2EE222EB4B1D200DC40E2 /* Main.storyboard in Resources */,
				7AD2EE482EB4B1D200DC40E2 /* Style.css in Resources */,
			);
			runOnlyForDeploymentPostprocessing = 0;
		};
		7AD2EE262EB4B1D200DC40E2 /* Resources */ = {
			isa = PBXResourcesBuildPhase;
			buildActionMask = 2147483647;
			files = (
				7AD2EE472EB4B1D200DC40E2 /* Icon.png in Resources */,
				7AD2EE492EB4B1D200DC40E2 /* Style.css in Resources */,
				7AD2EE2E2EB4B1D200DC40E2 /* Main.storyboard in Resources */,
				7AD2EE4B2EB4B1D200DC40E2 /* Script.js in Resources */,
				7AD2EE4F2EB4B1D200DC40E2 /* Assets.xcassets in Resources */,
				7AD2EE452EB4B1D200DC40E2 /* Main.html in Resources */,
			);
			runOnlyForDeploymentPostprocessing = 0;
		};
		7AD2EE322EB4B1D200DC40E2 /* Resources */ = {
			isa = PBXResourcesBuildPhase;
			buildActionMask = 2147483647;
			files = (
				7AD2EE702EB4B1D400DC40E2 /* manifest.json in Resources */,
				7AD2EE6F2EB4B1D400DC40E2 /* icons in Resources */,
				7AD2EE6E2EB4B1D400DC40E2 /* set-json-global.js in Resources */,
				7AD2EE6D2EB4B1D400DC40E2 /* options in Resources */,
				7AD2EE712EB4B1D400DC40E2 /* content.js in Resources */,
			);
			runOnlyForDeploymentPostprocessing = 0;
		};
		7AD2EE3C2EB4B1D200DC40E2 /* Resources */ = {
			isa = PBXResourcesBuildPhase;
			buildActionMask = 2147483647;
			files = (
				7AD2EE6B2EB4B1D400DC40E2 /* manifest.json in Resources */,
				7AD2EE6A2EB4B1D400DC40E2 /* icons in Resources */,
				7AD2EE692EB4B1D400DC40E2 /* set-json-global.js in Resources */,
				7AD2EE682EB4B1D400DC40E2 /* options in Resources */,
				7AD2EE6C2EB4B1D400DC40E2 /* content.js in Resources */,
			);
			runOnlyForDeploymentPostprocessing = 0;
		};
/* End PBXResourcesBuildPhase section */

/* Begin PBXSourcesBuildPhase section */
		7AD2EE122EB4B1D200DC40E2 /* Sources */ = {
			isa = PBXSourcesBuildPhase;
			buildActionMask = 2147483647;
			files = (
				7AD2EE4C2EB4B1D200DC40E2 /* ViewController.swift in Sources */,
				7AD2EE1A2EB4B1D200DC40E2 /* AppDelegate.swift in Sources */,
				7AD2EE1C2EB4B1D200DC40E2 /* SceneDelegate.swift in Sources */,
			);
			runOnlyForDeploymentPostprocessing = 0;
		};
		7AD2EE242EB4B1D200DC40E2 /* Sources */ = {
			isa = PBXSourcesBuildPhase;
			buildActionMask = 2147483647;
			files = (
				7AD2EE4D2EB4B1D200DC40E2 /* ViewController.swift in Sources */,
				7AD2EE2B2EB4B1D200DC40E2 /* AppDelegate.swift in Sources */,
			);
			runOnlyForDeploymentPostprocessing = 0;
		};
		7AD2EE302EB4B1D200DC40E2 /* Sources */ = {
			isa = PBXSourcesBuildPhase;
			buildActionMask = 2147483647;
			files = (
				7AD2EE502EB4B1D200DC40E2 /* SafariWebExtensionHandler.swift in Sources */,
			);
			runOnlyForDeploymentPostprocessing = 0;
		};
		7AD2EE3A2EB4B1D200DC40E2 /* Sources */ = {
			isa = PBXSourcesBuildPhase;
			buildActionMask = 2147483647;
			files = (
				7AD2EE512EB4B1D200DC40E2 /* SafariWebExtensionHandler.swift in Sources */,
			);
			runOnlyForDeploymentPostprocessing = 0;
		};
/* End PBXSourcesBuildPhase section */

/* Begin PBXTargetDependency section */
		7AD2EE372EB4B1D200DC40E2 /* PBXTargetDependency */ = {
			isa = PBXTargetDependency;
			target = 7AD2EE332EB4B1D200DC40E2 /* JSON Formatter Extension (iOS) */;
			targetProxy = 7AD2EE362EB4B1D200DC40E2 /* PBXContainerItemProxy */;
		};
		7AD2EE412EB4B1D200DC40E2 /* PBXTargetDependency */ = {
			isa = PBXTargetDependency;
			target = 7AD2EE3D2EB4B1D200DC40E2 /* JSON Formatter Extension (macOS) */;
			targetProxy = 7AD2EE402EB4B1D200DC40E2 /* PBXContainerItemProxy */;
		};
/* End PBXTargetDependency section */

/* Begin PBXVariantGroup section */
		7AD2EE092EB4B1D100DC40E2 /* Main.html */ = {
			isa = PBXVariantGroup;
			children = (
				7AD2EE0A2EB4B1D100DC40E2 /* Base */,
			);
			name = Main.html;
			sourceTree = "<group>";
		};
		7AD2EE1D2EB4B1D200DC40E2 /* LaunchScreen.storyboard */ = {
			isa = PBXVariantGroup;
			children = (
				7AD2EE1E2EB4B1D200DC40E2 /* Base */,
			);
			name = LaunchScreen.storyboard;
			sourceTree = "<group>";
		};
		7AD2EE202EB4B1D200DC40E2 /* Main.storyboard */ = {
			isa = PBXVariantGroup;
			children = (
				7AD2EE212EB4B1D200DC40E2 /* Base */,
			);
			name = Main.storyboard;
			sourceTree = "<group>";
		};
		7AD2EE2C2EB4B1D200DC40E2 /* Main.storyboard */ = {
			isa = PBXVariantGroup;
			children = (
				7AD2EE2D2EB4B1D200DC40E2 /* Base */,
			);
			name = Main.storyboard;
			sourceTree = "<group>";
		};
/* End PBXVariantGroup section */

/* Begin XCBuildConfiguration section */
		7AD2EE522EB4B1D200DC40E2 /* Debug */ = {
			isa = XCBuildConfiguration;
			buildSettings = {
				ALWAYS_SEARCH_USER_PATHS = NO;
				ASSETCATALOG_COMPILER_GENERATE_SWIFT_ASSET_SYMBOL_EXTENSIONS = YES;
				CLANG_ANALYZER_NONNULL = YES;
				CLANG_ANALYZER_NUMBER_OBJECT_CONVERSION = YES_AGGRESSIVE;
				CLANG_CXX_LANGUAGE_STANDARD = "gnu++20";
				CLANG_ENABLE_MODULES = YES;
				CLANG_ENABLE_OBJC_ARC = YES;
				CLANG_ENABLE_OBJC_WEAK = YES;
				CLANG_WARN_BLOCK_CAPTURE_AUTORELEASING = YES;
				CLANG_WARN_BOOL_CONVERSION = YES;
				CLANG_WARN_COMMA = YES;
				CLANG_WARN_CONSTANT_CONVERSION = YES;
				CLANG_WARN_DEPRECATED_OBJC_IMPLEMENTATIONS = YES;
				CLANG_WARN_DIRECT_OBJC_ISA_USAGE = YES_ERROR;
				CLANG_WARN_DOCUMENTATION_COMMENTS = YES;
				CLANG_WARN_EMPTY_BODY = YES;
				CLANG_WARN_ENUM_CONVERSION = YES;
				CLANG_WARN_INFINITE_RECURSION = YES;
				CLANG_WARN_INT_CONVERSION = YES;
				CLANG_WARN_NON_LITERAL_NULL_CONVERSION = YES;
				CLANG_WARN_OBJC_IMPLICIT_RETAIN_SELF = YES;
				CLANG_WARN_OBJC_LITERAL_CONVERSION = YES;
				CLANG_WARN_OBJC_ROOT_CLASS = YES_ERROR;
				CLANG_WARN_QUOTED_INCLUDE_IN_FRAMEWORK_HEADER = YES;
				CLANG_WARN_RANGE_LOOP_ANALYSIS = YES;
				CLANG_WARN_STRICT_PROTOTYPES = YES;
				CLANG_WARN_SUSPICIOUS_MOVE = YES;
				CLANG_WARN_UNGUARDED_AVAILABILITY = YES_AGGRESSIVE;
				CLANG_WARN_UNREACHABLE_CODE = YES;
				CLANG_WARN__DUPLICATE_METHOD_MATCH = YES;
				COPY_PHASE_STRIP = NO;
				DEBUG_INFORMATION_FORMAT = dwarf;
				ENABLE_STRICT_OBJC_MSGSEND = YES;
				ENABLE_TESTABILITY = YES;
				ENABLE_USER_SCRIPT_SANDBOXING = YES;
				GCC_C_LANGUAGE_STANDARD = gnu17;
				GCC_DYNAMIC_NO_PIC = NO;
				GCC_NO_COMMON_BLOCKS = YES;
				GCC_OPTIMIZATION_LEVEL = 0;
				GCC_PREPROCESSOR_DEFINITIONS = (
					"DEBUG=1",
					"$(inherited)",
				);
				GCC_WARN_64_TO_32_BIT_CONVERSION = YES;
				GCC_WARN_ABOUT_RETURN_TYPE = YES_ERROR;
				GCC_WARN_UNDECLARED_SELECTOR = YES;
				GCC_WARN_UNINITIALIZED_AUTOS = YES_AGGRESSIVE;
				GCC_WARN_UNUSED_FUNCTION = YES;
				GCC_WARN_UNUSED_VARIABLE = YES;
				LOCALIZATION_PREFERS_STRING_CATALOGS = YES;
				MTL_ENABLE_DEBUG_INFO = INCLUDE_SOURCE;
				MTL_FAST_MATH = YES;
				ONLY_ACTIVE_ARCH = YES;
				SWIFT_ACTIVE_COMPILATION_CONDITIONS = "DEBUG $(inherited)";
				SWIFT_OPTIMIZATION_LEVEL = "-Onone";
			};
			name = Debug;
		};
		7AD2EE532EB4B1D200DC40E2 /* Release */ = {
			isa = XCBuildConfiguration;
			buildSettings = {
				ALWAYS_SEARCH_USER_PATHS = NO;
				ASSETCATALOG_COMPILER_GENERATE_SWIFT_ASSET_SYMBOL_EXTENSIONS = YES;
				CLANG_ANALYZER_NONNULL = YES;
				CLANG_ANALYZER_NUMBER_OBJECT_CONVERSION = YES_AGGRESSIVE;
				CLANG_CXX_LANGUAGE_STANDARD = "gnu++20";
				CLANG_ENABLE_MODULES = YES;
				CLANG_ENABLE_OBJC_ARC = YES;
				CLANG_ENABLE_OBJC_WEAK = YES;
				CLANG_WARN_BLOCK_CAPTURE_AUTORELEASING = YES;
				CLANG_WARN_BOOL_CONVERSION = YES;
				CLANG_WARN_COMMA = YES;
				CLANG_WARN_CONSTANT_CONVERSION = YES;
				CLANG_WARN_DEPRECATED_OBJC_IMPLEMENTATIONS = YES;
				CLANG_WARN_DIRECT_OBJC_ISA_USAGE = YES_ERROR;
				CLANG_WARN_DOCUMENTATION_COMMENTS = YES;
				CLANG_WARN_EMPTY_BODY = YES;
				CLANG_WARN_ENUM_CONVERSION = YES;
				CLANG_WARN_INFINITE_RECURSION = YES;
				CLANG_WARN_INT_CONVERSION = YES;
				CLANG_WARN_NON_LITERAL_NULL_CONVERSION = YES;
				CLANG_WARN_OBJC_IMPLICIT_RETAIN_SELF = YES;
				CLANG_WARN_OBJC_LITERAL_CONVERSION = YES;
				CLANG_WARN_OBJC_ROOT_CLASS = YES_ERROR;
				CLANG_WARN_QUOTED_INCLUDE_IN_FRAMEWORK_HEADER = YES;
				CLANG_WARN_RANGE_LOOP_ANALYSIS = YES;
				CLANG_WARN_STRICT_PROTOTYPES = YES;
				CLANG_WARN_SUSPICIOUS_MOVE = YES;
				CLANG_WARN_UNGUARDED_AVAILABILITY = YES_AGGRESSIVE;
				CLANG_WARN_UNREACHABLE_CODE = YES;
				CLANG_WARN__DUPLICATE_METHOD_MATCH = YES;
				COPY_PHASE_STRIP = NO;
				DEBUG_INFORMATION_FORMAT = "dwarf-with-dsym";
				ENABLE_NS_ASSERTIONS = NO;
				ENABLE_STRICT_OBJC_MSGSEND = YES;
				ENABLE_USER_SCRIPT_SANDBOXING = YES;
				GCC_C_LANGUAGE_STANDARD = gnu17;
				GCC_NO_COMMON_BLOCKS = YES;
				GCC_WARN_64_TO_32_BIT_CONVERSION = YES;
				GCC_WARN_ABOUT_RETURN_TYPE = YES_ERROR;
				GCC_WARN_UNDECLARED_SELECTOR = YES;
				GCC_WARN_UNINITIALIZED_AUTOS = YES_AGGRESSIVE;
				GCC_WARN_UNUSED_FUNCTION = YES;
				GCC_WARN_UNUSED_VARIABLE = YES;
				LOCALIZATION_PREFERS_STRING_CATALOGS = YES;
				MTL_ENABLE_DEBUG_INFO = NO;
				MTL_FAST_MATH = YES;
				SWIFT_COMPILATION_MODE = wholemodule;
			};
			name = Release;
		};
		7AD2EE552EB4B1D200DC40E2 /* Debug */ = {
			isa = XCBuildConfiguration;
			buildSettings = {
				CODE_SIGN_STYLE = Automatic;
				CURRENT_PROJECT_VERSION = 1;
				GENERATE_INFOPLIST_FILE = YES;
				INFOPLIST_FILE = "iOS (Extension)/Info.plist";
				INFOPLIST_KEY_CFBundleDisplayName = "JSON Formatter Extension";
				INFOPLIST_KEY_NSHumanReadableCopyright = "";
				IPHONEOS_DEPLOYMENT_TARGET = 15.0;
				LD_RUNPATH_SEARCH_PATHS = (
					"$(inherited)",
					"@executable_path/Frameworks",
					"@executable_path/../../Frameworks",
				);
				MARKETING_VERSION = 1.0;
				OTHER_LDFLAGS = (
					"-framework",
					SafariServices,
				);
				PRODUCT_BUNDLE_IDENTIFIER = "com.github.JSON-Formatter.Extension";
				PRODUCT_NAME = "JSON Formatter Extension";
				SDKROOT = iphoneos;
				SKIP_INSTALL = YES;
				STRING_CATALOG_GENERATE_SYMBOLS = YES;
				SWIFT_APPROACHABLE_CONCURRENCY = YES;
				SWIFT_EMIT_LOC_STRINGS = YES;
				SWIFT_UPCOMING_FEATURE_MEMBER_IMPORT_VISIBILITY = YES;
				SWIFT_VERSION = 5.0;
				TARGETED_DEVICE_FAMILY = "1,2";
			};
			name = Debug;
		};
		7AD2EE562EB4B1D200DC40E2 /* Release */ = {
			isa = XCBuildConfiguration;
			buildSettings = {
				CODE_SIGN_STYLE = Automatic;
				CURRENT_PROJECT_VERSION = 1;
				GENERATE_INFOPLIST_FILE = YES;
				INFOPLIST_FILE = "iOS (Extension)/Info.plist";
				INFOPLIST_KEY_CFBundleDisplayName = "JSON Formatter Extension";
				INFOPLIST_KEY_NSHumanReadableCopyright = "";
				IPHONEOS_DEPLOYMENT_TARGET = 15.0;
				LD_RUNPATH_SEARCH_PATHS = (
					"$(inherited)",
					"@executable_path/Frameworks",
					"@executable_path/../../Frameworks",
				);
				MARKETING_VERSION = 1.0;
				OTHER_LDFLAGS = (
					"-framework",
					SafariServices,
				);
				PRODUCT_BUNDLE_IDENTIFIER = "com.github.JSON-Formatter.Extension";
				PRODUCT_NAME = "JSON Formatter Extension";
				SDKROOT = iphoneos;
				SKIP_INSTALL = YES;
				STRING_CATALOG_GENERATE_SYMBOLS = YES;
				SWIFT_APPROACHABLE_CONCURRENCY = YES;
				SWIFT_EMIT_LOC_STRINGS = YES;
				SWIFT_UPCOMING_FEATURE_MEMBER_IMPORT_VISIBILITY = YES;
				SWIFT_VERSION = 5.0;
				TARGETED_DEVICE_FAMILY = "1,2";
				VALIDATE_PRODUCT = YES;
			};
			name = Release;
		};
		7AD2EE592EB4B1D200DC40E2 /* Debug */ = {
			isa = XCBuildConfiguration;
			buildSettings = {
				ASSETCATALOG_COMPILER_APPICON_NAME = AppIcon;
				ASSETCATALOG_COMPILER_GLOBAL_ACCENT_COLOR_NAME = AccentColor;
				CODE_SIGN_STYLE = Automatic;
				CURRENT_PROJECT_VERSION = 1;
				GENERATE_INFOPLIST_FILE = YES;
				INFOPLIST_FILE = "iOS (App)/Info.plist";
				INFOPLIST_KEY_CFBundleDisplayName = "JSON Formatter";
				INFOPLIST_KEY_UIApplicationSupportsIndirectInputEvents = YES;
				INFOPLIST_KEY_UILaunchStoryboardName = LaunchScreen;
				INFOPLIST_KEY_UIMainStoryboardFile = Main;
				INFOPLIST_KEY_UISupportedInterfaceOrientations = "UIInterfaceOrientationPortrait UIInterfaceOrientationLandscapeLeft UIInterfaceOrientationLandscapeRight";
				INFOPLIST_KEY_UISupportedInterfaceOrientations_iPad = "UIInterfaceOrientationPortrait UIInterfaceOrientationPortraitUpsideDown UIInterfaceOrientationLandscapeLeft UIInterfaceOrientationLandscapeRight";
				IPHONEOS_DEPLOYMENT_TARGET = 15.0;
				LD_RUNPATH_SEARCH_PATHS = (
					"$(inherited)",
					"@executable_path/Frameworks",
				);
				MARKETING_VERSION = 1.0;
				OTHER_LDFLAGS = (
					"-framework",
					SafariServices,
					"-framework",
					WebKit,
				);
				PRODUCT_BUNDLE_IDENTIFIER = "com.github.JSON-Formatter";
				PRODUCT_NAME = "JSON Formatter";
				SDKROOT = iphoneos;
				STRING_CATALOG_GENERATE_SYMBOLS = YES;
				SWIFT_APPROACHABLE_CONCURRENCY = YES;
				SWIFT_DEFAULT_ACTOR_ISOLATION = MainActor;
				SWIFT_EMIT_LOC_STRINGS = YES;
				SWIFT_UPCOMING_FEATURE_MEMBER_IMPORT_VISIBILITY = YES;
				SWIFT_VERSION = 5.0;
				TARGETED_DEVICE_FAMILY = "1,2";
			};
			name = Debug;
		};
		7AD2EE5A2EB4B1D200DC40E2 /* Release */ = {
			isa = XCBuildConfiguration;
			buildSettings = {
				ASSETCATALOG_COMPILER_APPICON_NAME = AppIcon;
				ASSETCATALOG_COMPILER_GLOBAL_ACCENT_COLOR_NAME = AccentColor;
				CODE_SIGN_STYLE = Automatic;
				CURRENT_PROJECT_VERSION = 1;
				GENERATE_INFOPLIST_FILE = YES;
				INFOPLIST_FILE = "iOS (App)/Info.plist";
				INFOPLIST_KEY_CFBundleDisplayName = "JSON Formatter";
				INFOPLIST_KEY_UIApplicationSupportsIndirectInputEvents = YES;
				INFOPLIST_KEY_UILaunchStoryboardName = LaunchScreen;
				INFOPLIST_KEY_UIMainStoryboardFile = Main;
				INFOPLIST_KEY_UISupportedInterfaceOrientations = "UIInterfaceOrientationPortrait UIInterfaceOrientationLandscapeLeft UIInterfaceOrientationLandscapeRight";
				INFOPLIST_KEY_UISupportedInterfaceOrientations_iPad = "UIInterfaceOrientationPortrait UIInterfaceOrientationPortraitUpsideDown UIInterfaceOrientationLandscapeLeft UIInterfaceOrientationLandscapeRight";
				IPHONEOS_DEPLOYMENT_TARGET = 15.0;
				LD_RUNPATH_SEARCH_PATHS = (
					"$(inherited)",
					"@executable_path/Frameworks",
				);
				MARKETING_VERSION = 1.0;
				OTHER_LDFLAGS = (
					"-framework",
					SafariServices,
					"-framework",
					WebKit,
				);
				PRODUCT_BUNDLE_IDENTIFIER = "com.github.JSON-Formatter";
				PRODUCT_NAME = "JSON Formatter";
				SDKROOT = iphoneos;
				STRING_CATALOG_GENERATE_SYMBOLS = YES;
				SWIFT_APPROACHABLE_CONCURRENCY = YES;
				SWIFT_DEFAULT_ACTOR_ISOLATION = MainActor;
				SWIFT_EMIT_LOC_STRINGS = YES;
				SWIFT_UPCOMING_FEATURE_MEMBER_IMPORT_VISIBILITY = YES;
				SWIFT_VERSION = 5.0;
				TARGETED_DEVICE_FAMILY = "1,2";
				VALIDATE_PRODUCT = YES;
			};
			name = Release;
		};
		7AD2EE5C2EB4B1D200DC40E2 /* Debug */ = {
			isa = XCBuildConfiguration;
			buildSettings = {
				CODE_SIGN_STYLE = Automatic;
				CURRENT_PROJECT_VERSION = 1;
				ENABLE_APP_SANDBOX = YES;
				ENABLE_HARDENED_RUNTIME = YES;
				ENABLE_USER_SELECTED_FILES = readonly;
				GENERATE_INFOPLIST_FILE = YES;
				INFOPLIST_FILE = "macOS (Extension)/Info.plist";
				INFOPLIST_KEY_CFBundleDisplayName = "JSON Formatter Extension";
				INFOPLIST_KEY_NSHumanReadableCopyright = "";
				LD_RUNPATH_SEARCH_PATHS = (
					"$(inherited)",
					"@executable_path/../Frameworks",
					"@executable_path/../../../../Frameworks",
				);
				MACOSX_DEPLOYMENT_TARGET = 10.14;
				MARKETING_VERSION = 1.0;
				OTHER_LDFLAGS = (
					"-framework",
					SafariServices,
				);
				PRODUCT_BUNDLE_IDENTIFIER = "com.github.JSON-Formatter.Extension";
				PRODUCT_NAME = "JSON Formatter Extension";
				SDKROOT = macosx;
				SKIP_INSTALL = YES;
				STRING_CATALOG_GENERATE_SYMBOLS = YES;
				SWIFT_APPROACHABLE_CONCURRENCY = YES;
				SWIFT_EMIT_LOC_STRINGS = YES;
				SWIFT_UPCOMING_FEATURE_MEMBER_IMPORT_VISIBILITY = YES;
				SWIFT_VERSION = 5.0;
			};
			name = Debug;
		};
		7AD2EE5D2EB4B1D200DC40E2 /* Release */ = {
			isa = XCBuildConfiguration;
			buildSettings = {
				CODE_SIGN_STYLE = Automatic;
				CURRENT_PROJECT_VERSION = 1;
				ENABLE_APP_SANDBOX = YES;
				ENABLE_HARDENED_RUNTIME = YES;
				ENABLE_USER_SELECTED_FILES = readonly;
				GENERATE_INFOPLIST_FILE = YES;
				INFOPLIST_FILE = "macOS (Extension)/Info.plist";
				INFOPLIST_KEY_CFBundleDisplayName = "JSON Formatter Extension";
				INFOPLIST_KEY_NSHumanReadableCopyright = "";
				LD_RUNPATH_SEARCH_PATHS = (
					"$(inherited)",
					"@executable_path/../Frameworks",
					"@executable_path/../../../../Frameworks",
				);
				MACOSX_DEPLOYMENT_TARGET = 10.14;
				MARKETING_VERSION = 1.0;
				OTHER_LDFLAGS = (
					"-framework",
					SafariServices,
				);
				PRODUCT_BUNDLE_IDENTIFIER = "com.github.JSON-Formatter.Extension";
				PRODUCT_NAME = "JSON Formatter Extension";
				SDKROOT = macosx;
				SKIP_INSTALL = YES;
				STRING_CATALOG_GENERATE_SYMBOLS = YES;
				SWIFT_APPROACHABLE_CONCURRENCY = YES;
				SWIFT_EMIT_LOC_STRINGS = YES;
				SWIFT_UPCOMING_FEATURE_MEMBER_IMPORT_VISIBILITY = YES;
				SWIFT_VERSION = 5.0;
			};
			name = Release;
		};
		7AD2EE602EB4B1D200DC40E2 /* Debug */ = {
			isa = XCBuildConfiguration;
			buildSettings = {
				ASSETCATALOG_COMPILER_APPICON_NAME = AppIcon;
				ASSETCATALOG_COMPILER_GLOBAL_ACCENT_COLOR_NAME = AccentColor;
				CODE_SIGN_STYLE = Automatic;
				CURRENT_PROJECT_VERSION = 1;
				ENABLE_APP_SANDBOX = YES;
				ENABLE_HARDENED_RUNTIME = YES;
				ENABLE_OUTGOING_NETWORK_CONNECTIONS = YES;
				ENABLE_USER_SELECTED_FILES = readonly;
				GENERATE_INFOPLIST_FILE = YES;
				INFOPLIST_FILE = "macOS (App)/Info.plist";
				INFOPLIST_KEY_CFBundleDisplayName = "JSON Formatter";
				INFOPLIST_KEY_NSMainStoryboardFile = Main;
				INFOPLIST_KEY_NSPrincipalClass = NSApplication;
				LD_RUNPATH_SEARCH_PATHS = (
					"$(inherited)",
					"@executable_path/../Frameworks",
				);
				MACOSX_DEPLOYMENT_TARGET = 10.14;
				MARKETING_VERSION = 1.0;
				OTHER_LDFLAGS = (
					"-framework",
					SafariServices,
					"-framework",
					WebKit,
				);
				PRODUCT_BUNDLE_IDENTIFIER = "com.github.JSON-Formatter";
				PRODUCT_NAME = "JSON Formatter";
				REGISTER_APP_GROUPS = YES;
				SDKROOT = macosx;
				STRING_CATALOG_GENERATE_SYMBOLS = YES;
				SWIFT_APPROACHABLE_CONCURRENCY = YES;
				SWIFT_DEFAULT_ACTOR_ISOLATION = MainActor;
				SWIFT_EMIT_LOC_STRINGS = YES;
				SWIFT_UPCOMING_FEATURE_MEMBER_IMPORT_VISIBILITY = YES;
				SWIFT_VERSION = 5.0;
			};
			name = Debug;
		};
		7AD2EE612EB4B1D200DC40E2 /* Release */ = {
			isa = XCBuildConfiguration;
			buildSettings = {
				ASSETCATALOG_COMPILER_APPICON_NAME = AppIcon;
				ASSETCATALOG_COMPILER_GLOBAL_ACCENT_COLOR_NAME = AccentColor;
				CODE_SIGN_STYLE = Automatic;
				CURRENT_PROJECT_VERSION = 1;
				ENABLE_APP_SANDBOX = YES;
				ENABLE_HARDENED_RUNTIME = YES;
				ENABLE_OUTGOING_NETWORK_CONNECTIONS = YES;
				ENABLE_USER_SELECTED_FILES = readonly;
				GENERATE_INFOPLIST_FILE = YES;
				INFOPLIST_FILE = "macOS (App)/Info.plist";
				INFOPLIST_KEY_CFBundleDisplayName = "JSON Formatter";
				INFOPLIST_KEY_NSMainStoryboardFile = Main;
				INFOPLIST_KEY_NSPrincipalClass = NSApplication;
				LD_RUNPATH_SEARCH_PATHS = (
					"$(inherited)",
					"@executable_path/../Frameworks",
				);
				MACOSX_DEPLOYMENT_TARGET = 10.14;
				MARKETING_VERSION = 1.0;
				OTHER_LDFLAGS = (
					"-framework",
					SafariServices,
					"-framework",
					WebKit,
				);
				PRODUCT_BUNDLE_IDENTIFIER = "com.github.JSON-Formatter";
				PRODUCT_NAME = "JSON Formatter";
				REGISTER_APP_GROUPS = YES;
				SDKROOT = macosx;
				STRING_CATALOG_GENERATE_SYMBOLS = YES;
				SWIFT_APPROACHABLE_CONCURRENCY = YES;
				SWIFT_DEFAULT_ACTOR_ISOLATION = MainActor;
				SWIFT_EMIT_LOC_STRINGS = YES;
				SWIFT_UPCOMING_FEATURE_MEMBER_IMPORT_VISIBILITY = YES;
				SWIFT_VERSION = 5.0;
			};
			name = Release;
		};
/* End XCBuildConfiguration section */

/* Begin XCConfigurationList section */
		7AD2EE062EB4B1D100DC40E2 /* Build configuration list for PBXProject "JSON Formatter" */ = {
			isa = XCConfigurationList;
			buildConfigurations = (
				7AD2EE522EB4B1D200DC40E2 /* Debug */,
				7AD2EE532EB4B1D200DC40E2 /* Release */,
			);
			defaultConfigurationIsVisible = 0;
			defaultConfigurationName = Release;
		};
		7AD2EE542EB4B1D200DC40E2 /* Build configuration list for PBXNativeTarget "JSON Formatter Extension (iOS)" */ = {
			isa = XCConfigurationList;
			buildConfigurations = (
				7AD2EE552EB4B1D200DC40E2 /* Debug */,
				7AD2EE562EB4B1D200DC40E2 /* Release */,
			);
			defaultConfigurationIsVisible = 0;
			defaultConfigurationName = Release;
		};
		7AD2EE582EB4B1D200DC40E2 /* Build configuration list for PBXNativeTarget "JSON Formatter (iOS)" */ = {
			isa = XCConfigurationList;
			buildConfigurations = (
				7AD2EE592EB4B1D200DC40E2 /* Debug */,
				7AD2EE5A2EB4B1D200DC40E2 /* Release */,
			);
			defaultConfigurationIsVisible = 0;
			defaultConfigurationName = Release;
		};
		7AD2EE5B2EB4B1D200DC40E2 /* Build configuration list for PBXNativeTarget "JSON Formatter Extension (macOS)" */ = {
			isa = XCConfigurationList;
			buildConfigurations = (
				7AD2EE5C2EB4B1D200DC40E2 /* Debug */,
				7AD2EE5D2EB4B1D200DC40E2 /* Release */,
			);
			defaultConfigurationIsVisible = 0;
			defaultConfigurationName = Release;
		};
		7AD2EE5F2EB4B1D200DC40E2 /* Build configuration list for PBXNativeTarget "JSON Formatter (macOS)" */ = {
			isa = XCConfigurationList;
			buildConfigurations = (
				7AD2EE602EB4B1D200DC40E2 /* Debug */,
				7AD2EE612EB4B1D200DC40E2 /* Release */,
			);
			defaultConfigurationIsVisible = 0;
			defaultConfigurationName = Release;
		};
/* End XCConfigurationList section */
	};
	rootObject = 7AD2EE032EB4B1D100DC40E2 /* Project object */;
}
